
Microsoft Visual Studio Solution File, Format Version 12.00
# Visual Studio Version 17
VisualStudioVersion = 17.14.36429.23 d17.14
MinimumVisualStudioVersion = 10.0.40219.1
Project("{FAE04EC0-301F-11D3-BF4B-00C04F79EFBC}") = "Bai06", "Bai06.csproj", "{0387E22D-1B78-46FE-A78A-7E2801048F32}"
EndProject
Global
	GlobalSection(SolutionConfigurationPlatforms) = preSolution
		Debug|Any CPU = Debug|Any CPU
		Release|Any CPU = Release|Any CPU
	EndGlobalSection
	GlobalSection(ProjectConfigurationPlatforms) = postSolution
		{0387E22D-1B78-46FE-A78A-7E2801048F32}.Debug|Any CPU.ActiveCfg = Debug|Any CPU
		{0387E22D-1B78-46FE-A78A-7E2801048F32}.Debug|Any CPU.Build.0 = Debug|Any CPU
		{0387E22D-1B78-46FE-A78A-7E2801048F32}.Release|Any CPU.ActiveCfg = Release|Any CPU
		{0387E22D-1B78-46FE-A78A-7E2801048F32}.Release|Any CPU.Build.0 = Release|Any CPU
	EndGlobalSection
	GlobalSection(SolutionProperties) = preSolution
		HideSolutionNode = FALSE
	EndGlobalSection
	GlobalSection(ExtensibilityGlobals) = postSolution
		SolutionGuid = {EF453EFD-D49B-4868-8A5E-61120AFD4E4E}
	EndGlobalSection
EndGlobal
